
Microsoft Visual Studio Solution File, Format Version 12.00
# Visual Studio Version 16
VisualStudioVersion = 16.0.30204.135
MinimumVisualStudioVersion = 10.0.40219.1
Project("{FAE04EC0-301F-11D3-BF4B-00C04F79EFBC}") = "ProjetoConceitos", "ProjetoConceitos.csproj", "{10C90C67-5A33-4BD0-9A76-56A8190F8F27}"
EndProject
Global
	GlobalSection(SolutionConfigurationPlatforms) = preSolution
		Debug|Any CPU = Debug|Any CPU
		Release|Any CPU = Release|Any CPU
	EndGlobalSection
	GlobalSection(ProjectConfigurationPlatforms) = postSolution
		{10C90C67-5A33-4BD0-9A76-56A8190F8F27}.Debug|Any CPU.ActiveCfg = Debug|Any CPU
		{10C90C67-5A33-4BD0-9A76-56A8190F8F27}.Debug|Any CPU.Build.0 = Debug|Any CPU
		{10C90C67-5A33-4BD0-9A76-56A8190F8F27}.Release|Any CPU.ActiveCfg = Release|Any CPU
		{10C90C67-5A33-4BD0-9A76-56A8190F8F27}.Release|Any CPU.Build.0 = Release|Any CPU
	EndGlobalSection
	GlobalSection(SolutionProperties) = preSolution
		HideSolutionNode = FALSE
	EndGlobalSection
	GlobalSection(ExtensibilityGlobals) = postSolution
		SolutionGuid = {B4A10428-4765-4E3D-BE59-AB6339B8A303}
	EndGlobalSection
EndGlobal
