
Microsoft Visual Studio Solution File, Format Version 12.00
# Visual Studio Version 16
VisualStudioVersion = 16.0.30114.105
MinimumVisualStudioVersion = 10.0.40219.1
Project("{FAE04EC0-301F-11D3-BF4B-00C04F79EFBC}") = "AsyncAwaitConcepts", "AsyncAwaitConcepts.csproj", "{6B32E850-04EA-4004-AA2B-09722FFB1119}"
EndProject
Global
	GlobalSection(SolutionConfigurationPlatforms) = preSolution
		Debug|Any CPU = Debug|Any CPU
		Release|Any CPU = Release|Any CPU
	EndGlobalSection
	GlobalSection(ProjectConfigurationPlatforms) = postSolution
		{6B32E850-04EA-4004-AA2B-09722FFB1119}.Debug|Any CPU.ActiveCfg = Debug|Any CPU
		{6B32E850-04EA-4004-AA2B-09722FFB1119}.Debug|Any CPU.Build.0 = Debug|Any CPU
		{6B32E850-04EA-4004-AA2B-09722FFB1119}.Release|Any CPU.ActiveCfg = Release|Any CPU
		{6B32E850-04EA-4004-AA2B-09722FFB1119}.Release|Any CPU.Build.0 = Release|Any CPU
	EndGlobalSection
	GlobalSection(SolutionProperties) = preSolution
		HideSolutionNode = FALSE
	EndGlobalSection
	GlobalSection(ExtensibilityGlobals) = postSolution
		SolutionGuid = {678BBF14-829B-4B15-8C08-CA3B15A517D1}
	EndGlobalSection
EndGlobal
