
Microsoft Visual Studio Solution File, Format Version 12.00
# Visual Studio Version 16
VisualStudioVersion = 16.0.30204.135
MinimumVisualStudioVersion = 10.0.40219.1
Project("{FAE04EC0-301F-11D3-BF4B-00C04F79EFBC}") = "ReservationException", "ReservationException.csproj", "{A33CF605-32AC-4A91-90BF-64EF1BD74612}"
EndProject
Global
	GlobalSection(SolutionConfigurationPlatforms) = preSolution
		Debug|Any CPU = Debug|Any CPU
		Release|Any CPU = Release|Any CPU
	EndGlobalSection
	GlobalSection(ProjectConfigurationPlatforms) = postSolution
		{A33CF605-32AC-4A91-90BF-64EF1BD74612}.Debug|Any CPU.ActiveCfg = Debug|Any CPU
		{A33CF605-32AC-4A91-90BF-64EF1BD74612}.Debug|Any CPU.Build.0 = Debug|Any CPU
		{A33CF605-32AC-4A91-90BF-64EF1BD74612}.Release|Any CPU.ActiveCfg = Release|Any CPU
		{A33CF605-32AC-4A91-90BF-64EF1BD74612}.Release|Any CPU.Build.0 = Release|Any CPU
	EndGlobalSection
	GlobalSection(SolutionProperties) = preSolution
		HideSolutionNode = FALSE
	EndGlobalSection
	GlobalSection(ExtensibilityGlobals) = postSolution
		SolutionGuid = {D32B74EC-BD73-466F-B69C-66998D0FBF33}
	EndGlobalSection
EndGlobal
