
Microsoft Visual Studio Solution File, Format Version 12.00
# Visual Studio Version 16
VisualStudioVersion = 16.0.30309.148
MinimumVisualStudioVersion = 10.0.40219.1
Project("{FAE04EC0-301F-11D3-BF4B-00C04F79EFBC}") = "BankAccountExceptions", "BankAccountExceptions.csproj", "{A55F7181-00D9-4E02-97FC-A84FFFA83E3A}"
EndProject
Global
	GlobalSection(SolutionConfigurationPlatforms) = preSolution
		Debug|Any CPU = Debug|Any CPU
		Release|Any CPU = Release|Any CPU
	EndGlobalSection
	GlobalSection(ProjectConfigurationPlatforms) = postSolution
		{A55F7181-00D9-4E02-97FC-A84FFFA83E3A}.Debug|Any CPU.ActiveCfg = Debug|Any CPU
		{A55F7181-00D9-4E02-97FC-A84FFFA83E3A}.Debug|Any CPU.Build.0 = Debug|Any CPU
		{A55F7181-00D9-4E02-97FC-A84FFFA83E3A}.Release|Any CPU.ActiveCfg = Release|Any CPU
		{A55F7181-00D9-4E02-97FC-A84FFFA83E3A}.Release|Any CPU.Build.0 = Release|Any CPU
	EndGlobalSection
	GlobalSection(SolutionProperties) = preSolution
		HideSolutionNode = FALSE
	EndGlobalSection
	GlobalSection(ExtensibilityGlobals) = postSolution
		SolutionGuid = {266CC535-02DC-404E-8213-EA2A6BD03972}
	EndGlobalSection
EndGlobal
